
Microsoft Visual Studio Solution File, Format Version 12.00
# Visual Studio 15
VisualStudioVersion = 15.0.28307.572
MinimumVisualStudioVersion = 10.0.40219.1
Project("{FAE04EC0-301F-11D3-BF4B-00C04F79EFBC}") = "MovieStore.Data", "MovieStore.Data\MovieStore.Data.csproj", "{394A2493-279F-4251-9C54-BA6E0CF98583}"
EndProject
Project("{FAE04EC0-301F-11D3-BF4B-00C04F79EFBC}") = "MovieStore.DTO", "MovieStore.DTO\MovieStore.DTO.csproj", "{A1ACAFA1-D529-4840-8AD8-202FE5E1EFCA}"
EndProject
Project("{FAE04EC0-301F-11D3-BF4B-00C04F79EFBC}") = "MovieStore.Service", "MovieStore.Service\MovieStore.Service.csproj", "{5FE7FBE5-F2BF-453B-86E1-2DD5B36E8F23}"
EndProject
Project("{FAE04EC0-301F-11D3-BF4B-00C04F79EFBC}") = "MovieStore.UnitTest", "MovieStore.UnitTest\MovieStore.UnitTest.csproj", "{A6EB7C68-0962-4A91-AAC6-EE36B1327AF0}"
EndProject
Project("{FAE04EC0-301F-11D3-BF4B-00C04F79EFBC}") = "MovieStore.WinUI", "MovieStore.WinUI\MovieStore.WinUI.csproj", "{10A8F1E3-91C3-42BE-B68F-E62D6AD4E69E}"
EndProject
Global
	GlobalSection(SolutionConfigurationPlatforms) = preSolution
		Debug|Any CPU = Debug|Any CPU
		Release|Any CPU = Release|Any CPU
	EndGlobalSection
	GlobalSection(ProjectConfigurationPlatforms) = postSolution
		{394A2493-279F-4251-9C54-BA6E0CF98583}.Debug|Any CPU.ActiveCfg = Debug|Any CPU
		{394A2493-279F-4251-9C54-BA6E0CF98583}.Debug|Any CPU.Build.0 = Debug|Any CPU
		{394A2493-279F-4251-9C54-BA6E0CF98583}.Release|Any CPU.ActiveCfg = Release|Any CPU
		{394A2493-279F-4251-9C54-BA6E0CF98583}.Release|Any CPU.Build.0 = Release|Any CPU
		{A1ACAFA1-D529-4840-8AD8-202FE5E1EFCA}.Debug|Any CPU.ActiveCfg = Debug|Any CPU
		{A1ACAFA1-D529-4840-8AD8-202FE5E1EFCA}.Debug|Any CPU.Build.0 = Debug|Any CPU
		{A1ACAFA1-D529-4840-8AD8-202FE5E1EFCA}.Release|Any CPU.ActiveCfg = Release|Any CPU
		{A1ACAFA1-D529-4840-8AD8-202FE5E1EFCA}.Release|Any CPU.Build.0 = Release|Any CPU
		{5FE7FBE5-F2BF-453B-86E1-2DD5B36E8F23}.Debug|Any CPU.ActiveCfg = Debug|Any CPU
		{5FE7FBE5-F2BF-453B-86E1-2DD5B36E8F23}.Debug|Any CPU.Build.0 = Debug|Any CPU
		{5FE7FBE5-F2BF-453B-86E1-2DD5B36E8F23}.Release|Any CPU.ActiveCfg = Release|Any CPU
		{5FE7FBE5-F2BF-453B-86E1-2DD5B36E8F23}.Release|Any CPU.Build.0 = Release|Any CPU
		{A6EB7C68-0962-4A91-AAC6-EE36B1327AF0}.Debug|Any CPU.ActiveCfg = Debug|Any CPU
		{A6EB7C68-0962-4A91-AAC6-EE36B1327AF0}.Debug|Any CPU.Build.0 = Debug|Any CPU
		{A6EB7C68-0962-4A91-AAC6-EE36B1327AF0}.Release|Any CPU.ActiveCfg = Release|Any CPU
		{A6EB7C68-0962-4A91-AAC6-EE36B1327AF0}.Release|Any CPU.Build.0 = Release|Any CPU
		{10A8F1E3-91C3-42BE-B68F-E62D6AD4E69E}.Debug|Any CPU.ActiveCfg = Debug|Any CPU
		{10A8F1E3-91C3-42BE-B68F-E62D6AD4E69E}.Debug|Any CPU.Build.0 = Debug|Any CPU
		{10A8F1E3-91C3-42BE-B68F-E62D6AD4E69E}.Release|Any CPU.ActiveCfg = Release|Any CPU
		{10A8F1E3-91C3-42BE-B68F-E62D6AD4E69E}.Release|Any CPU.Build.0 = Release|Any CPU
	EndGlobalSection
	GlobalSection(SolutionProperties) = preSolution
		HideSolutionNode = FALSE
	EndGlobalSection
	GlobalSection(ExtensibilityGlobals) = postSolution
		SolutionGuid = {A7EFAC22-4AFD-4B17-81B5-C2984983512A}
	EndGlobalSection
EndGlobal
